
Microsoft Visual Studio Solution File, Format Version 12.00
# Visual Studio Version 17
VisualStudioVersion = 17.3.32901.215
MinimumVisualStudioVersion = 10.0.40219.1
Project("{FAE04EC0-301F-11D3-BF4B-00C04F79EFBC}") = "Ponavljanje-zad3", "Ponavljanje-zad3\Ponavljanje-zad3.csproj", "{B8329D85-399B-4DC2-9D62-E49DB142F743}"
EndProject
Global
	GlobalSection(SolutionConfigurationPlatforms) = preSolution
		Debug|Any CPU = Debug|Any CPU
		Release|Any CPU = Release|Any CPU
	EndGlobalSection
	GlobalSection(ProjectConfigurationPlatforms) = postSolution
		{B8329D85-399B-4DC2-9D62-E49DB142F743}.Debug|Any CPU.ActiveCfg = Debug|Any CPU
		{B8329D85-399B-4DC2-9D62-E49DB142F743}.Debug|Any CPU.Build.0 = Debug|Any CPU
		{B8329D85-399B-4DC2-9D62-E49DB142F743}.Release|Any CPU.ActiveCfg = Release|Any CPU
		{B8329D85-399B-4DC2-9D62-E49DB142F743}.Release|Any CPU.Build.0 = Release|Any CPU
	EndGlobalSection
	GlobalSection(SolutionProperties) = preSolution
		HideSolutionNode = FALSE
	EndGlobalSection
	GlobalSection(ExtensibilityGlobals) = postSolution
		SolutionGuid = {8998BB0A-FC02-4D85-B4F4-A47D59AC5C32}
	EndGlobalSection
EndGlobal
